// !$*UTF8*$!
{
	archiveVersion = 1;
	classes = {
	};
	objectVersion = 56;
	objects = {

/* Begin PBXBuildFile section */
		6CDEBA8B2BC7FCC00051E14F /* AppDelegate.swift in Sources */ = {isa = PBXBuildFile; fileRef = 6CDEBA8A2BC7FCC00051E14F /* AppDelegate.swift */; };
		6CDEBA8D2BC7FCC00051E14F /* SceneDelegate.swift in Sources */ = {isa = PBXBuildFile; fileRef = 6CDEBA8C2BC7FCC00051E14F /* SceneDelegate.swift */; };
		6CDEBA8F2BC7FCC00051E14F /* ViewController.swift in Sources */ = {isa = PBXBuildFile; fileRef = 6CDEBA8E2BC7FCC00051E14F /* ViewController.swift */; };
		6CDEBA922BC7FCC00051E14F /* Main.storyboard in Resources */ = {isa = PBXBuildFile; fileRef = 6CDEBA902BC7FCC00051E14F /* Main.storyboard */; };
		6CDEBA942BC7FCC10051E14F /* Assets.xcassets in Resources */ = {isa = PBXBuildFile; fileRef = 6CDEBA932BC7FCC10051E14F /* Assets.xcassets */; };
		6CDEBA972BC7FCC10051E14F /* LaunchScreen.storyboard in Resources */ = {isa = PBXBuildFile; fileRef = 6CDEBA952BC7FCC10051E14F /* LaunchScreen.storyboard */; };
		6CDEBAA72BC7FF830051E14F /* task.rtf in Resources */ = {isa = PBXBuildFile; fileRef = 6CDEBAA62BC7FF830051E14F /* task.rtf */; };
/* End PBXBuildFile section */

/* Begin PBXFileReference section */
		6CDEBA872BC7FCC00051E14F /* Task9-10-Storyboard-NavController.app */ = {isa = PBXFileReference; explicitFileType = wrapper.application; includeInIndex = 0; path = "Task9-10-Storyboard-NavController.app"; sourceTree = BUILT_PRODUCTS_DIR; };
		6CDEBA8A2BC7FCC00051E14F /* AppDelegate.swift */ = {isa = PBXFileReference; lastKnownFileType = sourcecode.swift; path = AppDelegate.swift; sourceTree = "<group>"; };
		6CDEBA8C2BC7FCC00051E14F /* SceneDelegate.swift */ = {isa = PBXFileReference; lastKnownFileType = sourcecode.swift; path = SceneDelegate.swift; sourceTree = "<group>"; };
		6CDEBA8E2BC7FCC00051E14F /* ViewController.swift */ = {isa = PBXFileReference; lastKnownFileType = sourcecode.swift; path = ViewController.swift; sourceTree = "<group>"; };
		6CDEBA912BC7FCC00051E14F /* Base */ = {isa = PBXFileReference; lastKnownFileType = file.storyboard; name = Base; path = Base.lproj/Main.storyboard; sourceTree = "<group>"; };
		6CDEBA932BC7FCC10051E14F /* Assets.xcassets */ = {isa = PBXFileReference; lastKnownFileType = folder.assetcatalog; path = Assets.xcassets; sourceTree = "<group>"; };
		6CDEBA962BC7FCC10051E14F /* Base */ = {isa = PBXFileReference; lastKnownFileType = file.storyboard; name = Base; path = Base.lproj/LaunchScreen.storyboard; sourceTree = "<group>"; };
		6CDEBA982BC7FCC10051E14F /* Info.plist */ = {isa = PBXFileReference; lastKnownFileType = text.plist.xml; path = Info.plist; sourceTree = "<group>"; };
		6CDEBAA62BC7FF830051E14F /* task.rtf */ = {isa = PBXFileReference; lastKnownFileType = text.rtf; path = task.rtf; sourceTree = "<group>"; };
/* End PBXFileReference section */

/* Begin PBXFrameworksBuildPhase section */
		6CDEBA842BC7FCC00051E14F /* Frameworks */ = {
			isa = PBXFrameworksBuildPhase;
			buildActionMask = 2147483647;
			files = (
			);
			runOnlyForDeploymentPostprocessing = 0;
		};
/* End PBXFrameworksBuildPhase section */

/* Begin PBXGroup section */
		6CDEBA7E2BC7FCC00051E14F = {
			isa = PBXGroup;
			children = (
				6CDEBA892BC7FCC00051E14F /* Task9-10-Storyboard-NavController */,
				6CDEBA882BC7FCC00051E14F /* Products */,
			);
			sourceTree = "<group>";
		};
		6CDEBA882BC7FCC00051E14F /* Products */ = {
			isa = PBXGroup;
			children = (
				6CDEBA872BC7FCC00051E14F /* Task9-10-Storyboard-NavController.app */,
			);
			name = Products;
			sourceTree = "<group>";
		};
		6CDEBA892BC7FCC00051E14F /* Task9-10-Storyboard-NavController */ = {
			isa = PBXGroup;
			children = (
				6CDEBA9E2BC7FCDE0051E14F /* App */,
				6CDEBAA12BC7FDCE0051E14F /* Scenes */,
				6CDEBAA02BC7FCF00051E14F /* SupportingFiles */,
			);
			path = "Task9-10-Storyboard-NavController";
			sourceTree = "<group>";
		};
		6CDEBA9E2BC7FCDE0051E14F /* App */ = {
			isa = PBXGroup;
			children = (
				6CDEBA8A2BC7FCC00051E14F /* AppDelegate.swift */,
				6CDEBA8C2BC7FCC00051E14F /* SceneDelegate.swift */,
			);
			path = App;
			sourceTree = "<group>";
		};
		6CDEBAA02BC7FCF00051E14F /* SupportingFiles */ = {
			isa = PBXGroup;
			children = (
				6CDEBA932BC7FCC10051E14F /* Assets.xcassets */,
				6CDEBA982BC7FCC10051E14F /* Info.plist */,
				6CDEBA952BC7FCC10051E14F /* LaunchScreen.storyboard */,
				6CDEBAA62BC7FF830051E14F /* task.rtf */,
			);
			path = SupportingFiles;
			sourceTree = "<group>";
		};
		6CDEBAA12BC7FDCE0051E14F /* Scenes */ = {
			isa = PBXGroup;
			children = (
				6CDEBA902BC7FCC00051E14F /* Main.storyboard */,
				6CDEBAA22BC7FDDC0051E14F /* Main */,
				6CDEBAA32BC7FE370051E14F /* FoodList */,
				6CDEBAA42BC7FE3D0051E14F /* PizzaList */,
				6CDEBAA52BC7FE400051E14F /* Payment */,
			);
			path = Scenes;
			sourceTree = "<group>";
		};
		6CDEBAA22BC7FDDC0051E14F /* Main */ = {
			isa = PBXGroup;
			children = (
				6CDEBA8E2BC7FCC00051E14F /* ViewController.swift */,
			);
			path = Main;
			sourceTree = "<group>";
		};
		6CDEBAA32BC7FE370051E14F /* FoodList */ = {
			isa = PBXGroup;
			children = (
			);
			path = FoodList;
			sourceTree = "<group>";
		};
		6CDEBAA42BC7FE3D0051E14F /* PizzaList */ = {
			isa = PBXGroup;
			children = (
			);
			path = PizzaList;
			sourceTree = "<group>";
		};
		6CDEBAA52BC7FE400051E14F /* Payment */ = {
			isa = PBXGroup;
			children = (
			);
			path = Payment;
			sourceTree = "<group>";
		};
/* End PBXGroup section */

/* Begin PBXNativeTarget section */
		6CDEBA862BC7FCC00051E14F /* Task9-10-Storyboard-NavController */ = {
			isa = PBXNativeTarget;
			buildConfigurationList = 6CDEBA9B2BC7FCC10051E14F /* Build configuration list for PBXNativeTarget "Task9-10-Storyboard-NavController" */;
			buildPhases = (
				6CDEBAA82BC7FFF70051E14F /* ShellScript */,
				6CDEBA832BC7FCC00051E14F /* Sources */,
				6CDEBA842BC7FCC00051E14F /* Frameworks */,
				6CDEBA852BC7FCC00051E14F /* Resources */,
			);
			buildRules = (
			);
			dependencies = (
			);
			name = "Task9-10-Storyboard-NavController";
			productName = "Task9-10-Storyboard-NavController";
			productReference = 6CDEBA872BC7FCC00051E14F /* Task9-10-Storyboard-NavController.app */;
			productType = "com.apple.product-type.application";
		};
/* End PBXNativeTarget section */

/* Begin PBXProject section */
		6CDEBA7F2BC7FCC00051E14F /* Project object */ = {
			isa = PBXProject;
			attributes = {
				BuildIndependentTargetsInParallel = 1;
				LastSwiftUpdateCheck = 1500;
				LastUpgradeCheck = 1500;
				TargetAttributes = {
					6CDEBA862BC7FCC00051E14F = {
						CreatedOnToolsVersion = 15.0.1;
					};
				};
			};
			buildConfigurationList = 6CDEBA822BC7FCC00051E14F /* Build configuration list for PBXProject "Task9-10-Storyboard-NavController" */;
			compatibilityVersion = "Xcode 14.0";
			developmentRegion = en;
			hasScannedForEncodings = 0;
			knownRegions = (
				en,
				Base,
			);
			mainGroup = 6CDEBA7E2BC7FCC00051E14F;
			productRefGroup = 6CDEBA882BC7FCC00051E14F /* Products */;
			projectDirPath = "";
			projectRoot = "";
			targets = (
				6CDEBA862BC7FCC00051E14F /* Task9-10-Storyboard-NavController */,
			);
		};
/* End PBXProject section */

/* Begin PBXResourcesBuildPhase section */
		6CDEBA852BC7FCC00051E14F /* Resources */ = {
			isa = PBXResourcesBuildPhase;
			buildActionMask = 2147483647;
			files = (
				6CDEBA972BC7FCC10051E14F /* LaunchScreen.storyboard in Resources */,
				6CDEBAA72BC7FF830051E14F /* task.rtf in Resources */,
				6CDEBA942BC7FCC10051E14F /* Assets.xcassets in Resources */,
				6CDEBA922BC7FCC00051E14F /* Main.storyboard in Resources */,
			);
			runOnlyForDeploymentPostprocessing = 0;
		};
/* End PBXResourcesBuildPhase section */

/* Begin PBXShellScriptBuildPhase section */
		6CDEBAA82BC7FFF70051E14F /* ShellScript */ = {
			isa = PBXShellScriptBuildPhase;
			alwaysOutOfDate = 1;
			buildActionMask = 2147483647;
			files = (
			);
			inputFileListPaths = (
			);
			inputPaths = (
			);
			outputFileListPaths = (
			);
			outputPaths = (
			);
			runOnlyForDeploymentPostprocessing = 0;
			shellPath = /bin/sh;
			shellScript = "# Type a script or drag a script file from your workspace to insert its path.\nif which swiftlint >/dev/null; then\n  swiftlint\nelse\n  echo \"error: SwiftLint does not exist, download it from https://github.com/realm/SwiftLint\"\n  exit 1\nfi\n";
		};
/* End PBXShellScriptBuildPhase section */

/* Begin PBXSourcesBuildPhase section */
		6CDEBA832BC7FCC00051E14F /* Sources */ = {
			isa = PBXSourcesBuildPhase;
			buildActionMask = 2147483647;
			files = (
				6CDEBA8F2BC7FCC00051E14F /* ViewController.swift in Sources */,
				6CDEBA8B2BC7FCC00051E14F /* AppDelegate.swift in Sources */,
				6CDEBA8D2BC7FCC00051E14F /* SceneDelegate.swift in Sources */,
			);
			runOnlyForDeploymentPostprocessing = 0;
		};
/* End PBXSourcesBuildPhase section */

/* Begin PBXVariantGroup section */
		6CDEBA902BC7FCC00051E14F /* Main.storyboard */ = {
			isa = PBXVariantGroup;
			children = (
				6CDEBA912BC7FCC00051E14F /* Base */,
			);
			name = Main.storyboard;
			sourceTree = "<group>";
		};
		6CDEBA952BC7FCC10051E14F /* LaunchScreen.storyboard */ = {
			isa = PBXVariantGroup;
			children = (
				6CDEBA962BC7FCC10051E14F /* Base */,
			);
			name = LaunchScreen.storyboard;
			sourceTree = "<group>";
		};
/* End PBXVariantGroup section */

/* Begin XCBuildConfiguration section */
		6CDEBA992BC7FCC10051E14F /* Debug */ = {
			isa = XCBuildConfiguration;
			buildSettings = {
				ALWAYS_SEARCH_USER_PATHS = NO;
				ASSETCATALOG_COMPILER_GENERATE_SWIFT_ASSET_SYMBOL_EXTENSIONS = YES;
				CLANG_ANALYZER_NONNULL = YES;
				CLANG_ANALYZER_NUMBER_OBJECT_CONVERSION = YES_AGGRESSIVE;
				CLANG_CXX_LANGUAGE_STANDARD = "gnu++20";
				CLANG_ENABLE_MODULES = YES;
				CLANG_ENABLE_OBJC_ARC = YES;
				CLANG_ENABLE_OBJC_WEAK = YES;
				CLANG_WARN_BLOCK_CAPTURE_AUTORELEASING = YES;
				CLANG_WARN_BOOL_CONVERSION = YES;
				CLANG_WARN_COMMA = YES;
				CLANG_WARN_CONSTANT_CONVERSION = YES;
				CLANG_WARN_DEPRECATED_OBJC_IMPLEMENTATIONS = YES;
				CLANG_WARN_DIRECT_OBJC_ISA_USAGE = YES_ERROR;
				CLANG_WARN_DOCUMENTATION_COMMENTS = YES;
				CLANG_WARN_EMPTY_BODY = YES;
				CLANG_WARN_ENUM_CONVERSION = YES;
				CLANG_WARN_INFINITE_RECURSION = YES;
				CLANG_WARN_INT_CONVERSION = YES;
				CLANG_WARN_NON_LITERAL_NULL_CONVERSION = YES;
				CLANG_WARN_OBJC_IMPLICIT_RETAIN_SELF = YES;
				CLANG_WARN_OBJC_LITERAL_CONVERSION = YES;
				CLANG_WARN_OBJC_ROOT_CLASS = YES_ERROR;
				CLANG_WARN_QUOTED_INCLUDE_IN_FRAMEWORK_HEADER = YES;
				CLANG_WARN_RANGE_LOOP_ANALYSIS = YES;
				CLANG_WARN_STRICT_PROTOTYPES = YES;
				CLANG_WARN_SUSPICIOUS_MOVE = YES;
				CLANG_WARN_UNGUARDED_AVAILABILITY = YES_AGGRESSIVE;
				CLANG_WARN_UNREACHABLE_CODE = YES;
				CLANG_WARN__DUPLICATE_METHOD_MATCH = YES;
				COPY_PHASE_STRIP = NO;
				DEBUG_INFORMATION_FORMAT = dwarf;
				ENABLE_STRICT_OBJC_MSGSEND = YES;
				ENABLE_TESTABILITY = YES;
				ENABLE_USER_SCRIPT_SANDBOXING = NO;
				GCC_C_LANGUAGE_STANDARD = gnu17;
				GCC_DYNAMIC_NO_PIC = NO;
				GCC_NO_COMMON_BLOCKS = YES;
				GCC_OPTIMIZATION_LEVEL = 0;
				GCC_PREPROCESSOR_DEFINITIONS = (
					"DEBUG=1",
					"$(inherited)",
				);
				GCC_WARN_64_TO_32_BIT_CONVERSION = YES;
				GCC_WARN_ABOUT_RETURN_TYPE = YES_ERROR;
				GCC_WARN_UNDECLARED_SELECTOR = YES;
				GCC_WARN_UNINITIALIZED_AUTOS = YES_AGGRESSIVE;
				GCC_WARN_UNUSED_FUNCTION = YES;
				GCC_WARN_UNUSED_VARIABLE = YES;
				IPHONEOS_DEPLOYMENT_TARGET = 15.0;
				LOCALIZATION_PREFERS_STRING_CATALOGS = YES;
				MTL_ENABLE_DEBUG_INFO = INCLUDE_SOURCE;
				MTL_FAST_MATH = YES;
				ONLY_ACTIVE_ARCH = YES;
				SDKROOT = iphoneos;
				SWIFT_ACTIVE_COMPILATION_CONDITIONS = "DEBUG $(inherited)";
				SWIFT_OPTIMIZATION_LEVEL = "-Onone";
			};
			name = Debug;
		};
		6CDEBA9A2BC7FCC10051E14F /* Release */ = {
			isa = XCBuildConfiguration;
			buildSettings = {
				ALWAYS_SEARCH_USER_PATHS = NO;
				ASSETCATALOG_COMPILER_GENERATE_SWIFT_ASSET_SYMBOL_EXTENSIONS = YES;
				CLANG_ANALYZER_NONNULL = YES;
				CLANG_ANALYZER_NUMBER_OBJECT_CONVERSION = YES_AGGRESSIVE;
				CLANG_CXX_LANGUAGE_STANDARD = "gnu++20";
				CLANG_ENABLE_MODULES = YES;
				CLANG_ENABLE_OBJC_ARC = YES;
				CLANG_ENABLE_OBJC_WEAK = YES;
				CLANG_WARN_BLOCK_CAPTURE_AUTORELEASING = YES;
				CLANG_WARN_BOOL_CONVERSION = YES;
				CLANG_WARN_COMMA = YES;
				CLANG_WARN_CONSTANT_CONVERSION = YES;
				CLANG_WARN_DEPRECATED_OBJC_IMPLEMENTATIONS = YES;
				CLANG_WARN_DIRECT_OBJC_ISA_USAGE = YES_ERROR;
				CLANG_WARN_DOCUMENTATION_COMMENTS = YES;
				CLANG_WARN_EMPTY_BODY = YES;
				CLANG_WARN_ENUM_CONVERSION = YES;
				CLANG_WARN_INFINITE_RECURSION = YES;
				CLANG_WARN_INT_CONVERSION = YES;
				CLANG_WARN_NON_LITERAL_NULL_CONVERSION = YES;
				CLANG_WARN_OBJC_IMPLICIT_RETAIN_SELF = YES;
				CLANG_WARN_OBJC_LITERAL_CONVERSION = YES;
				CLANG_WARN_OBJC_ROOT_CLASS = YES_ERROR;
				CLANG_WARN_QUOTED_INCLUDE_IN_FRAMEWORK_HEADER = YES;
				CLANG_WARN_RANGE_LOOP_ANALYSIS = YES;
				CLANG_WARN_STRICT_PROTOTYPES = YES;
				CLANG_WARN_SUSPICIOUS_MOVE = YES;
				CLANG_WARN_UNGUARDED_AVAILABILITY = YES_AGGRESSIVE;
				CLANG_WARN_UNREACHABLE_CODE = YES;
				CLANG_WARN__DUPLICATE_METHOD_MATCH = YES;
				COPY_PHASE_STRIP = NO;
				DEBUG_INFORMATION_FORMAT = "dwarf-with-dsym";
				ENABLE_NS_ASSERTIONS = NO;
				ENABLE_STRICT_OBJC_MSGSEND = YES;
				ENABLE_USER_SCRIPT_SANDBOXING = NO;
				GCC_C_LANGUAGE_STANDARD = gnu17;
				GCC_NO_COMMON_BLOCKS = YES;
				GCC_WARN_64_TO_32_BIT_CONVERSION = YES;
				GCC_WARN_ABOUT_RETURN_TYPE = YES_ERROR;
				GCC_WARN_UNDECLARED_SELECTOR = YES;
				GCC_WARN_UNINITIALIZED_AUTOS = YES_AGGRESSIVE;
				GCC_WARN_UNUSED_FUNCTION = YES;
				GCC_WARN_UNUSED_VARIABLE = YES;
				IPHONEOS_DEPLOYMENT_TARGET = 15.0;
				LOCALIZATION_PREFERS_STRING_CATALOGS = YES;
				MTL_ENABLE_DEBUG_INFO = NO;
				MTL_FAST_MATH = YES;
				SDKROOT = iphoneos;
				SWIFT_COMPILATION_MODE = wholemodule;
				VALIDATE_PRODUCT = YES;
			};
			name = Release;
		};
		6CDEBA9C2BC7FCC10051E14F /* Debug */ = {
			isa = XCBuildConfiguration;
			buildSettings = {
				ASSETCATALOG_COMPILER_APPICON_NAME = AppIcon;
				ASSETCATALOG_COMPILER_GLOBAL_ACCENT_COLOR_NAME = AccentColor;
				CODE_SIGN_STYLE = Automatic;
				CURRENT_PROJECT_VERSION = 1;
				GENERATE_INFOPLIST_FILE = YES;
				INFOPLIST_FILE = "Task9-10-Storyboard-NavController/SupportingFiles/Info.plist";
				INFOPLIST_KEY_UIApplicationSupportsIndirectInputEvents = YES;
				INFOPLIST_KEY_UILaunchStoryboardName = LaunchScreen;
				INFOPLIST_KEY_UIMainStoryboardFile = Main;
				INFOPLIST_KEY_UISupportedInterfaceOrientations = UIInterfaceOrientationPortrait;
				INFOPLIST_KEY_UISupportedInterfaceOrientations_iPad = "UIInterfaceOrientationPortrait UIInterfaceOrientationPortraitUpsideDown";
				IPHONEOS_DEPLOYMENT_TARGET = 15.0;
				LD_RUNPATH_SEARCH_PATHS = (
					"$(inherited)",
					"@executable_path/Frameworks",
				);
				MARKETING_VERSION = 1.0;
				PRODUCT_BUNDLE_IDENTIFIER = "com.AndreiShpartou.Task9-10-Storyboard-NavController";
				PRODUCT_NAME = "$(TARGET_NAME)";
				SWIFT_EMIT_LOC_STRINGS = YES;
				SWIFT_VERSION = 5.0;
				TARGETED_DEVICE_FAMILY = "1,2";
			};
			name = Debug;
		};
		6CDEBA9D2BC7FCC10051E14F /* Release */ = {
			isa = XCBuildConfiguration;
			buildSettings = {
				ASSETCATALOG_COMPILER_APPICON_NAME = AppIcon;
				ASSETCATALOG_COMPILER_GLOBAL_ACCENT_COLOR_NAME = AccentColor;
				CODE_SIGN_STYLE = Automatic;
				CURRENT_PROJECT_VERSION = 1;
				GENERATE_INFOPLIST_FILE = YES;
				INFOPLIST_FILE = "Task9-10-Storyboard-NavController/SupportingFiles/Info.plist";
				INFOPLIST_KEY_UIApplicationSupportsIndirectInputEvents = YES;
				INFOPLIST_KEY_UILaunchStoryboardName = LaunchScreen;
				INFOPLIST_KEY_UIMainStoryboardFile = Main;
				INFOPLIST_KEY_UISupportedInterfaceOrientations = UIInterfaceOrientationPortrait;
				INFOPLIST_KEY_UISupportedInterfaceOrientations_iPad = "UIInterfaceOrientationPortrait UIInterfaceOrientationPortraitUpsideDown";
				IPHONEOS_DEPLOYMENT_TARGET = 15.0;
				LD_RUNPATH_SEARCH_PATHS = (
					"$(inherited)",
					"@executable_path/Frameworks",
				);
				MARKETING_VERSION = 1.0;
				PRODUCT_BUNDLE_IDENTIFIER = "com.AndreiShpartou.Task9-10-Storyboard-NavController";
				PRODUCT_NAME = "$(TARGET_NAME)";
				SWIFT_EMIT_LOC_STRINGS = YES;
				SWIFT_VERSION = 5.0;
				TARGETED_DEVICE_FAMILY = "1,2";
			};
			name = Release;
		};
/* End XCBuildConfiguration section */

/* Begin XCConfigurationList section */
		6CDEBA822BC7FCC00051E14F /* Build configuration list for PBXProject "Task9-10-Storyboard-NavController" */ = {
			isa = XCConfigurationList;
			buildConfigurations = (
				6CDEBA992BC7FCC10051E14F /* Debug */,
				6CDEBA9A2BC7FCC10051E14F /* Release */,
			);
			defaultConfigurationIsVisible = 0;
			defaultConfigurationName = Release;
		};
		6CDEBA9B2BC7FCC10051E14F /* Build configuration list for PBXNativeTarget "Task9-10-Storyboard-NavController" */ = {
			isa = XCConfigurationList;
			buildConfigurations = (
				6CDEBA9C2BC7FCC10051E14F /* Debug */,
				6CDEBA9D2BC7FCC10051E14F /* Release */,
			);
			defaultConfigurationIsVisible = 0;
			defaultConfigurationName = Release;
		};
/* End XCConfigurationList section */
	};
	rootObject = 6CDEBA7F2BC7FCC00051E14F /* Project object */;
}
